// !$*UTF8*$!
{
	archiveVersion = 1;
	classes = {
	};
	objectVersion = 50;
	objects = {

/* Begin PBXBuildFile section */
		3D34AEB42901A57A009B1F2F /* AppDelegate.swift in Sources */ = {isa = PBXBuildFile; fileRef = 3D34AEB32901A57A009B1F2F /* AppDelegate.swift */; };
		3D34AEB62901A57A009B1F2F /* ViewController.swift in Sources */ = {isa = PBXBuildFile; fileRef = 3D34AEB52901A57A009B1F2F /* ViewController.swift */; };
		3D34AEB92901A57A009B1F2F /* Main.storyboard in Resources */ = {isa = PBXBuildFile; fileRef = 3D34AEB72901A57A009B1F2F /* Main.storyboard */; };
		3D34AEBB2901A584009B1F2F /* Assets.xcassets in Resources */ = {isa = PBXBuildFile; fileRef = 3D34AEBA2901A584009B1F2F /* Assets.xcassets */; };
		3D34AEBE2901A584009B1F2F /* LaunchScreen.storyboard in Resources */ = {isa = PBXBuildFile; fileRef = 3D34AEBC2901A584009B1F2F /* LaunchScreen.storyboard */; };
		3D34AEC62901A8F6009B1F2F /* AddController.swift in Sources */ = {isa = PBXBuildFile; fileRef = 3D34AEC52901A8F6009B1F2F /* AddController.swift */; };
		3D34AEC82901A907009B1F2F /* ActualizarController.swift in Sources */ = {isa = PBXBuildFile; fileRef = 3D34AEC72901A907009B1F2F /* ActualizarController.swift */; };
		3D34AECA2901AB0B009B1F2F /* CeldaContactoController.swift in Sources */ = {isa = PBXBuildFile; fileRef = 3D34AEC92901AB0B009B1F2F /* CeldaContactoController.swift */; };
		3D34AECC2901AB50009B1F2F /* Contacto.swift in Sources */ = {isa = PBXBuildFile; fileRef = 3D34AECB2901AB50009B1F2F /* Contacto.swift */; };
		3D34AECE2901B042009B1F2F /* ContactosController.swift in Sources */ = {isa = PBXBuildFile; fileRef = 3D34AECD2901B042009B1F2F /* ContactosController.swift */; };
/* End PBXBuildFile section */

/* Begin PBXFileReference section */
		3D34AEB02901A57A009B1F2F /* Contactos.app */ = {isa = PBXFileReference; explicitFileType = wrapper.application; includeInIndex = 0; path = Contactos.app; sourceTree = BUILT_PRODUCTS_DIR; };
		3D34AEB32901A57A009B1F2F /* AppDelegate.swift */ = {isa = PBXFileReference; lastKnownFileType = sourcecode.swift; path = AppDelegate.swift; sourceTree = "<group>"; };
		3D34AEB52901A57A009B1F2F /* ViewController.swift */ = {isa = PBXFileReference; lastKnownFileType = sourcecode.swift; path = ViewController.swift; sourceTree = "<group>"; };
		3D34AEB82901A57A009B1F2F /* Base */ = {isa = PBXFileReference; lastKnownFileType = file.storyboard; name = Base; path = Base.lproj/Main.storyboard; sourceTree = "<group>"; };
		3D34AEBA2901A584009B1F2F /* Assets.xcassets */ = {isa = PBXFileReference; lastKnownFileType = folder.assetcatalog; path = Assets.xcassets; sourceTree = "<group>"; };
		3D34AEBD2901A584009B1F2F /* Base */ = {isa = PBXFileReference; lastKnownFileType = file.storyboard; name = Base; path = Base.lproj/LaunchScreen.storyboard; sourceTree = "<group>"; };
		3D34AEBF2901A584009B1F2F /* Info.plist */ = {isa = PBXFileReference; lastKnownFileType = text.plist.xml; path = Info.plist; sourceTree = "<group>"; };
		3D34AEC52901A8F6009B1F2F /* AddController.swift */ = {isa = PBXFileReference; lastKnownFileType = sourcecode.swift; path = AddController.swift; sourceTree = "<group>"; };
		3D34AEC72901A907009B1F2F /* ActualizarController.swift */ = {isa = PBXFileReference; lastKnownFileType = sourcecode.swift; path = ActualizarController.swift; sourceTree = "<group>"; };
		3D34AEC92901AB0B009B1F2F /* CeldaContactoController.swift */ = {isa = PBXFileReference; lastKnownFileType = sourcecode.swift; path = CeldaContactoController.swift; sourceTree = "<group>"; };
		3D34AECB2901AB50009B1F2F /* Contacto.swift */ = {isa = PBXFileReference; lastKnownFileType = sourcecode.swift; path = Contacto.swift; sourceTree = "<group>"; };
		3D34AECD2901B042009B1F2F /* ContactosController.swift */ = {isa = PBXFileReference; lastKnownFileType = sourcecode.swift; path = ContactosController.swift; sourceTree = "<group>"; };
/* End PBXFileReference section */

/* Begin PBXFrameworksBuildPhase section */
		3D34AEAD2901A57A009B1F2F /* Frameworks */ = {
			isa = PBXFrameworksBuildPhase;
			buildActionMask = 2147483647;
			files = (
			);
			runOnlyForDeploymentPostprocessing = 0;
		};
/* End PBXFrameworksBuildPhase section */

/* Begin PBXGroup section */
		3D34AEA72901A57A009B1F2F = {
			isa = PBXGroup;
			children = (
				3D34AEB22901A57A009B1F2F /* Contactos */,
				3D34AEB12901A57A009B1F2F /* Products */,
			);
			sourceTree = "<group>";
		};
		3D34AEB12901A57A009B1F2F /* Products */ = {
			isa = PBXGroup;
			children = (
				3D34AEB02901A57A009B1F2F /* Contactos.app */,
			);
			name = Products;
			sourceTree = "<group>";
		};
		3D34AEB22901A57A009B1F2F /* Contactos */ = {
			isa = PBXGroup;
			children = (
				3D34AEB32901A57A009B1F2F /* AppDelegate.swift */,
				3D34AEB52901A57A009B1F2F /* ViewController.swift */,
				3D34AEB72901A57A009B1F2F /* Main.storyboard */,
				3D34AEBA2901A584009B1F2F /* Assets.xcassets */,
				3D34AEBC2901A584009B1F2F /* LaunchScreen.storyboard */,
				3D34AEBF2901A584009B1F2F /* Info.plist */,
				3D34AEC52901A8F6009B1F2F /* AddController.swift */,
				3D34AEC72901A907009B1F2F /* ActualizarController.swift */,
				3D34AEC92901AB0B009B1F2F /* CeldaContactoController.swift */,
				3D34AECB2901AB50009B1F2F /* Contacto.swift */,
				3D34AECD2901B042009B1F2F /* ContactosController.swift */,
			);
			path = Contactos;
			sourceTree = "<group>";
		};
/* End PBXGroup section */

/* Begin PBXNativeTarget section */
		3D34AEAF2901A57A009B1F2F /* Contactos */ = {
			isa = PBXNativeTarget;
			buildConfigurationList = 3D34AEC22901A584009B1F2F /* Build configuration list for PBXNativeTarget "Contactos" */;
			buildPhases = (
				3D34AEAC2901A57A009B1F2F /* Sources */,
				3D34AEAD2901A57A009B1F2F /* Frameworks */,
				3D34AEAE2901A57A009B1F2F /* Resources */,
			);
			buildRules = (
			);
			dependencies = (
			);
			name = Contactos;
			productName = Contactos;
			productReference = 3D34AEB02901A57A009B1F2F /* Contactos.app */;
			productType = "com.apple.product-type.application";
		};
/* End PBXNativeTarget section */

/* Begin PBXProject section */
		3D34AEA82901A57A009B1F2F /* Project object */ = {
			isa = PBXProject;
			attributes = {
				LastSwiftUpdateCheck = 0940;
				LastUpgradeCheck = 0940;
				ORGANIZATIONNAME = ULSA;
				TargetAttributes = {
					3D34AEAF2901A57A009B1F2F = {
						CreatedOnToolsVersion = 9.4.1;
					};
				};
			};
			buildConfigurationList = 3D34AEAB2901A57A009B1F2F /* Build configuration list for PBXProject "Contactos" */;
			compatibilityVersion = "Xcode 9.3";
			developmentRegion = en;
			hasScannedForEncodings = 0;
			knownRegions = (
				en,
				Base,
			);
			mainGroup = 3D34AEA72901A57A009B1F2F;
			productRefGroup = 3D34AEB12901A57A009B1F2F /* Products */;
			projectDirPath = "";
			projectRoot = "";
			targets = (
				3D34AEAF2901A57A009B1F2F /* Contactos */,
			);
		};
/* End PBXProject section */

/* Begin PBXResourcesBuildPhase section */
		3D34AEAE2901A57A009B1F2F /* Resources */ = {
			isa = PBXResourcesBuildPhase;
			buildActionMask = 2147483647;
			files = (
				3D34AEBE2901A584009B1F2F /* LaunchScreen.storyboard in Resources */,
				3D34AEBB2901A584009B1F2F /* Assets.xcassets in Resources */,
				3D34AEB92901A57A009B1F2F /* Main.storyboard in Resources */,
			);
			runOnlyForDeploymentPostprocessing = 0;
		};
/* End PBXResourcesBuildPhase section */

/* Begin PBXSourcesBuildPhase section */
		3D34AEAC2901A57A009B1F2F /* Sources */ = {
			isa = PBXSourcesBuildPhase;
			buildActionMask = 2147483647;
			files = (
				3D34AECA2901AB0B009B1F2F /* CeldaContactoController.swift in Sources */,
				3D34AEC62901A8F6009B1F2F /* AddController.swift in Sources */,
				3D34AECC2901AB50009B1F2F /* Contacto.swift in Sources */,
				3D34AEC82901A907009B1F2F /* ActualizarController.swift in Sources */,
				3D34AECE2901B042009B1F2F /* ContactosController.swift in Sources */,
				3D34AEB62901A57A009B1F2F /* ViewController.swift in Sources */,
				3D34AEB42901A57A009B1F2F /* AppDelegate.swift in Sources */,
			);
			runOnlyForDeploymentPostprocessing = 0;
		};
/* End PBXSourcesBuildPhase section */

/* Begin PBXVariantGroup section */
		3D34AEB72901A57A009B1F2F /* Main.storyboard */ = {
			isa = PBXVariantGroup;
			children = (
				3D34AEB82901A57A009B1F2F /* Base */,
			);
			name = Main.storyboard;
			sourceTree = "<group>";
		};
		3D34AEBC2901A584009B1F2F /* LaunchScreen.storyboard */ = {
			isa = PBXVariantGroup;
			children = (
				3D34AEBD2901A584009B1F2F /* Base */,
			);
			name = LaunchScreen.storyboard;
			sourceTree = "<group>";
		};
/* End PBXVariantGroup section */

/* Begin XCBuildConfiguration section */
		3D34AEC02901A584009B1F2F /* Debug */ = {
			isa = XCBuildConfiguration;
			buildSettings = {
				ALWAYS_SEARCH_USER_PATHS = NO;
				CLANG_ANALYZER_NONNULL = YES;
				CLANG_ANALYZER_NUMBER_OBJECT_CONVERSION = YES_AGGRESSIVE;
				CLANG_CXX_LANGUAGE_STANDARD = "gnu++14";
				CLANG_CXX_LIBRARY = "libc++";
				CLANG_ENABLE_MODULES = YES;
				CLANG_ENABLE_OBJC_ARC = YES;
				CLANG_ENABLE_OBJC_WEAK = YES;
				CLANG_WARN_BLOCK_CAPTURE_AUTORELEASING = YES;
				CLANG_WARN_BOOL_CONVERSION = YES;
				CLANG_WARN_COMMA = YES;
				CLANG_WARN_CONSTANT_CONVERSION = YES;
				CLANG_WARN_DEPRECATED_OBJC_IMPLEMENTATIONS = YES;
				CLANG_WARN_DIRECT_OBJC_ISA_USAGE = YES_ERROR;
				CLANG_WARN_DOCUMENTATION_COMMENTS = YES;
				CLANG_WARN_EMPTY_BODY = YES;
				CLANG_WARN_ENUM_CONVERSION = YES;
				CLANG_WARN_INFINITE_RECURSION = YES;
				CLANG_WARN_INT_CONVERSION = YES;
				CLANG_WARN_NON_LITERAL_NULL_CONVERSION = YES;
				CLANG_WARN_OBJC_IMPLICIT_RETAIN_SELF = YES;
				CLANG_WARN_OBJC_LITERAL_CONVERSION = YES;
				CLANG_WARN_OBJC_ROOT_CLASS = YES_ERROR;
				CLANG_WARN_RANGE_LOOP_ANALYSIS = YES;
				CLANG_WARN_STRICT_PROTOTYPES = YES;
				CLANG_WARN_SUSPICIOUS_MOVE = YES;
				CLANG_WARN_UNGUARDED_AVAILABILITY = YES_AGGRESSIVE;
				CLANG_WARN_UNREACHABLE_CODE = YES;
				CLANG_WARN__DUPLICATE_METHOD_MATCH = YES;
				CODE_SIGN_IDENTITY = "iPhone Developer";
				COPY_PHASE_STRIP = NO;
				DEBUG_INFORMATION_FORMAT = dwarf;
				ENABLE_STRICT_OBJC_MSGSEND = YES;
				ENABLE_TESTABILITY = YES;
				GCC_C_LANGUAGE_STANDARD = gnu11;
				GCC_DYNAMIC_NO_PIC = NO;
				GCC_NO_COMMON_BLOCKS = YES;
				GCC_OPTIMIZATION_LEVEL = 0;
				GCC_PREPROCESSOR_DEFINITIONS = (
					"DEBUG=1",
					"$(inherited)",
				);
				GCC_WARN_64_TO_32_BIT_CONVERSION = YES;
				GCC_WARN_ABOUT_RETURN_TYPE = YES_ERROR;
				GCC_WARN_UNDECLARED_SELECTOR = YES;
				GCC_WARN_UNINITIALIZED_AUTOS = YES_AGGRESSIVE;
				GCC_WARN_UNUSED_FUNCTION = YES;
				GCC_WARN_UNUSED_VARIABLE = YES;
				IPHONEOS_DEPLOYMENT_TARGET = 11.4;
				MTL_ENABLE_DEBUG_INFO = YES;
				ONLY_ACTIVE_ARCH = YES;
				SDKROOT = iphoneos;
				SWIFT_ACTIVE_COMPILATION_CONDITIONS = DEBUG;
				SWIFT_OPTIMIZATION_LEVEL = "-Onone";
			};
			name = Debug;
		};
		3D34AEC12901A584009B1F2F /* Release */ = {
			isa = XCBuildConfiguration;
			buildSettings = {
				ALWAYS_SEARCH_USER_PATHS = NO;
				CLANG_ANALYZER_NONNULL = YES;
				CLANG_ANALYZER_NUMBER_OBJECT_CONVERSION = YES_AGGRESSIVE;
				CLANG_CXX_LANGUAGE_STANDARD = "gnu++14";
				CLANG_CXX_LIBRARY = "libc++";
				CLANG_ENABLE_MODULES = YES;
				CLANG_ENABLE_OBJC_ARC = YES;
				CLANG_ENABLE_OBJC_WEAK = YES;
				CLANG_WARN_BLOCK_CAPTURE_AUTORELEASING = YES;
				CLANG_WARN_BOOL_CONVERSION = YES;
				CLANG_WARN_COMMA = YES;
				CLANG_WARN_CONSTANT_CONVERSION = YES;
				CLANG_WARN_DEPRECATED_OBJC_IMPLEMENTATIONS = YES;
				CLANG_WARN_DIRECT_OBJC_ISA_USAGE = YES_ERROR;
				CLANG_WARN_DOCUMENTATION_COMMENTS = YES;
				CLANG_WARN_EMPTY_BODY = YES;
				CLANG_WARN_ENUM_CONVERSION = YES;
				CLANG_WARN_INFINITE_RECURSION = YES;
				CLANG_WARN_INT_CONVERSION = YES;
				CLANG_WARN_NON_LITERAL_NULL_CONVERSION = YES;
				CLANG_WARN_OBJC_IMPLICIT_RETAIN_SELF = YES;
				CLANG_WARN_OBJC_LITERAL_CONVERSION = YES;
				CLANG_WARN_OBJC_ROOT_CLASS = YES_ERROR;
				CLANG_WARN_RANGE_LOOP_ANALYSIS = YES;
				CLANG_WARN_STRICT_PROTOTYPES = YES;
				CLANG_WARN_SUSPICIOUS_MOVE = YES;
				CLANG_WARN_UNGUARDED_AVAILABILITY = YES_AGGRESSIVE;
				CLANG_WARN_UNREACHABLE_CODE = YES;
				CLANG_WARN__DUPLICATE_METHOD_MATCH = YES;
				CODE_SIGN_IDENTITY = "iPhone Developer";
				COPY_PHASE_STRIP = NO;
				DEBUG_INFORMATION_FORMAT = "dwarf-with-dsym";
				ENABLE_NS_ASSERTIONS = NO;
				ENABLE_STRICT_OBJC_MSGSEND = YES;
				GCC_C_LANGUAGE_STANDARD = gnu11;
				GCC_NO_COMMON_BLOCKS = YES;
				GCC_WARN_64_TO_32_BIT_CONVERSION = YES;
				GCC_WARN_ABOUT_RETURN_TYPE = YES_ERROR;
				GCC_WARN_UNDECLARED_SELECTOR = YES;
				GCC_WARN_UNINITIALIZED_AUTOS = YES_AGGRESSIVE;
				GCC_WARN_UNUSED_FUNCTION = YES;
				GCC_WARN_UNUSED_VARIABLE = YES;
				IPHONEOS_DEPLOYMENT_TARGET = 11.4;
				MTL_ENABLE_DEBUG_INFO = NO;
				SDKROOT = iphoneos;
				SWIFT_COMPILATION_MODE = wholemodule;
				SWIFT_OPTIMIZATION_LEVEL = "-O";
				VALIDATE_PRODUCT = YES;
			};
			name = Release;
		};
		3D34AEC32901A584009B1F2F /* Debug */ = {
			isa = XCBuildConfiguration;
			buildSettings = {
				ASSETCATALOG_COMPILER_APPICON_NAME = AppIcon;
				CODE_SIGN_STYLE = Automatic;
				INFOPLIST_FILE = Contactos/Info.plist;
				LD_RUNPATH_SEARCH_PATHS = (
					"$(inherited)",
					"@executable_path/Frameworks",
				);
				PRODUCT_BUNDLE_IDENTIFIER = edu.ulsa.Contactos;
				PRODUCT_NAME = "$(TARGET_NAME)";
				SWIFT_VERSION = 4.0;
				TARGETED_DEVICE_FAMILY = "1,2";
			};
			name = Debug;
		};
		3D34AEC42901A584009B1F2F /* Release */ = {
			isa = XCBuildConfiguration;
			buildSettings = {
				ASSETCATALOG_COMPILER_APPICON_NAME = AppIcon;
				CODE_SIGN_STYLE = Automatic;
				INFOPLIST_FILE = Contactos/Info.plist;
				LD_RUNPATH_SEARCH_PATHS = (
					"$(inherited)",
					"@executable_path/Frameworks",
				);
				PRODUCT_BUNDLE_IDENTIFIER = edu.ulsa.Contactos;
				PRODUCT_NAME = "$(TARGET_NAME)";
				SWIFT_VERSION = 4.0;
				TARGETED_DEVICE_FAMILY = "1,2";
			};
			name = Release;
		};
/* End XCBuildConfiguration section */

/* Begin XCConfigurationList section */
		3D34AEAB2901A57A009B1F2F /* Build configuration list for PBXProject "Contactos" */ = {
			isa = XCConfigurationList;
			buildConfigurations = (
				3D34AEC02901A584009B1F2F /* Debug */,
				3D34AEC12901A584009B1F2F /* Release */,
			);
			defaultConfigurationIsVisible = 0;
			defaultConfigurationName = Release;
		};
		3D34AEC22901A584009B1F2F /* Build configuration list for PBXNativeTarget "Contactos" */ = {
			isa = XCConfigurationList;
			buildConfigurations = (
				3D34AEC32901A584009B1F2F /* Debug */,
				3D34AEC42901A584009B1F2F /* Release */,
			);
			defaultConfigurationIsVisible = 0;
			defaultConfigurationName = Release;
		};
/* End XCConfigurationList section */
	};
	rootObject = 3D34AEA82901A57A009B1F2F /* Project object */;
}
